
Microsoft Visual Studio Solution File, Format Version 12.00
# Visual Studio Version 17
VisualStudioVersion = 17.12.35527.113
MinimumVisualStudioVersion = 10.0.40219.1
Project("{2150E333-8FDC-42A3-9474-1A3956D46DE8}") = "src", "src", "{9C21C806-16D4-4D79-BD86-B7F151DFCD0A}"
EndProject
Project("{FAE04EC0-301F-11D3-BF4B-00C04F79EFBC}") = "GFM.Fundation.Batch", "src\GFM.Fundation.Batch\GFM.Fundation.Batch.csproj", "{09ABDA61-95AE-4C0D-9579-E7CF43D6BFA0}"
EndProject
Project("{FAE04EC0-301F-11D3-BF4B-00C04F79EFBC}") = "GFM.Fundation", "src\GFM.Fundation\GFM.Fundation.csproj", "{5CB72D84-1080-4BE0-A41C-579AFCFA9A02}"
EndProject
Global
	GlobalSection(SolutionConfigurationPlatforms) = preSolution
		Debug|Any CPU = Debug|Any CPU
		Release|Any CPU = Release|Any CPU
	EndGlobalSection
	GlobalSection(ProjectConfigurationPlatforms) = postSolution
		{09ABDA61-95AE-4C0D-9579-E7CF43D6BFA0}.Debug|Any CPU.ActiveCfg = Debug|Any CPU
		{09ABDA61-95AE-4C0D-9579-E7CF43D6BFA0}.Debug|Any CPU.Build.0 = Debug|Any CPU
		{09ABDA61-95AE-4C0D-9579-E7CF43D6BFA0}.Release|Any CPU.ActiveCfg = Release|Any CPU
		{09ABDA61-95AE-4C0D-9579-E7CF43D6BFA0}.Release|Any CPU.Build.0 = Release|Any CPU
		{5CB72D84-1080-4BE0-A41C-579AFCFA9A02}.Debug|Any CPU.ActiveCfg = Debug|Any CPU
		{5CB72D84-1080-4BE0-A41C-579AFCFA9A02}.Debug|Any CPU.Build.0 = Debug|Any CPU
		{5CB72D84-1080-4BE0-A41C-579AFCFA9A02}.Release|Any CPU.ActiveCfg = Release|Any CPU
		{5CB72D84-1080-4BE0-A41C-579AFCFA9A02}.Release|Any CPU.Build.0 = Release|Any CPU
	EndGlobalSection
	GlobalSection(SolutionProperties) = preSolution
		HideSolutionNode = FALSE
	EndGlobalSection
	GlobalSection(NestedProjects) = preSolution
		{09ABDA61-95AE-4C0D-9579-E7CF43D6BFA0} = {9C21C806-16D4-4D79-BD86-B7F151DFCD0A}
		{5CB72D84-1080-4BE0-A41C-579AFCFA9A02} = {9C21C806-16D4-4D79-BD86-B7F151DFCD0A}
	EndGlobalSection
EndGlobal
